version = 1
revision = 3
requires-python = ">=3.14.2, <3.15"

[[package]]
name = "boto3"
version = "1.43.51"
source = { registry = "https://pypi.org/simple" }
dependencies = [
    { name = "botocore" },
    { name = "jmespath" },
    { name = "s3transfer" },
]
sdist = { url = "https://files.pythonhosted.org/packages/a2/4f/b93620c09e81b8dd28558e73862d7b61f938c5a9db9366fab4b0bb53512f/boto3-1.43.51.tar.gz", hash = "sha256:b5a416cc703db73b69b22bef563c89c1fb14a4b10a93628d3c7abc4dd1aaf979", size = 112649, upload-time = "2026-07-17T19:33:23.358Z" }
wheels = [
    { url = "https://files.pythonhosted.org/packages/85/7e/86204db9235f08e051a83e039ec5af209211e3ac51ed3644c4350c150b72/boto3-1.43.51-py3-none-any.whl", hash = "sha256:a97057bb609fd38c80448db6a93db770786775dabd651401debf09816d4553d7", size = 140030, upload-time = "2026-07-17T19:33:21.381Z" },
]

[[package]]
name = "botocore"
version = "1.43.51"
source = { registry = "https://pypi.org/simple" }
dependencies = [
    { name = "jmespath" },
    { name = "python-dateutil" },
    { name = "urllib3" },
]
sdist = { url = "https://files.pythonhosted.org/packages/e6/f5/5a6b4fe037ba689fd4a9eaf31af8b681e4c1eb82debc470d18dec99eac62/botocore-1.43.51.tar.gz", hash = "sha256:e0e5e88585fdb01dcb6b533ac2dd3f18d5d45092a14ccbfd330e3576a4152128", size = 15713861, upload-time = "2026-07-17T19:33:12.101Z" }
wheels = [
    { url = "https://files.pythonhosted.org/packages/38/ca/9080b2f261ad9209e4d790b4282951df46274f786edb5c416a27fb18f4c6/botocore-1.43.51-py3-none-any.whl", hash = "sha256:7c2c538c932bddc95834e177ce6f91dcc388c6a7934b4f8d0db13caa30e3e543", size = 15399252, upload-time = "2026-07-17T19:33:08.808Z" },
]

[[package]]
name = "jmespath"
version = "1.1.0"
source = { registry = "https://pypi.org/simple" }
sdist = { url = "https://files.pythonhosted.org/packages/d3/59/322338183ecda247fb5d1763a6cbe46eff7222eaeebafd9fa65d4bf5cb11/jmespath-1.1.0.tar.gz", hash = "sha256:472c87d80f36026ae83c6ddd0f1d05d4e510134ed462851fd5f754c8c3cbb88d", size = 27377, upload-time = "2026-01-22T16:35:26.279Z" }
wheels = [
    { url = "https://files.pythonhosted.org/packages/14/2f/967ba146e6d58cf6a652da73885f52fc68001525b4197effc174321d70b4/jmespath-1.1.0-py3-none-any.whl", hash = "sha256:a5663118de4908c91729bea0acadca56526eb2698e83de10cd116ae0f4e97c64", size = 20419, upload-time = "2026-01-22T16:35:24.919Z" },
]

[[package]]
name = "python-dateutil"
version = "2.9.0.post0"
source = { registry = "https://pypi.org/simple" }
dependencies = [
    { name = "six" },
]
sdist = { url = "https://files.pythonhosted.org/packages/66/c0/0c8b6ad9f17a802ee498c46e004a0eb49bc148f2fd230864601a86dcf6db/python-dateutil-2.9.0.post0.tar.gz", hash = "sha256:37dd54208da7e1cd875388217d5e00ebd4179249f90fb72437e91a35459a0ad3", size = 342432, upload-time = "2024-03-01T18:36:20.211Z" }
wheels = [
    { url = "https://files.pythonhosted.org/packages/ec/57/56b9bcc3c9c6a792fcbaf139543cee77261f3651ca9da0c93f5c1221264b/python_dateutil-2.9.0.post0-py2.py3-none-any.whl", hash = "sha256:a8b2bc7bffae282281c8140a97d3aa9c14da0b136dfe83f850eea9a5f7470427", size = 229892, upload-time = "2024-03-01T18:36:18.57Z" },
]

[[package]]
name = "s3transfer"
version = "0.19.1"
source = { registry = "https://pypi.org/simple" }
dependencies = [
    { name = "botocore" },
]
sdist = { url = "https://files.pythonhosted.org/packages/65/da/4bef7ce7bb989b222aa4785a413896dbec53306dfc59c6ce7d16a7ffbd6a/s3transfer-0.19.1.tar.gz", hash = "sha256:d3d6371dc3f1e5c5427b2b457bcf13bcf87bec334c95aed18642eae61f6926f3", size = 165354, upload-time = "2026-07-10T19:32:04.849Z" }
wheels = [
    { url = "https://files.pythonhosted.org/packages/24/23/e84c64ad0e8bc59cd1b2ef98def848deff0ef3456c542afe74d51e9e8c85/s3transfer-0.19.1-py3-none-any.whl", hash = "sha256:d5fd7005ee39307455ad5f310b5ea67f4b1960d7fed5b3671ee50c249de675de", size = 90072, upload-time = "2026-07-10T19:32:03.673Z" },
]

[[package]]
name = "six"
version = "1.17.0"
source = { registry = "https://pypi.org/simple" }
sdist = { url = "https://files.pythonhosted.org/packages/94/e7/b2c673351809dca68a0e064b6af791aa332cf192da575fd474ed7d6f16a2/six-1.17.0.tar.gz", hash = "sha256:ff70335d468e7eb6ec65b95b99d3a2836546063f63acc5171de367e834932a81", size = 34031, upload-time = "2024-12-04T17:35:28.174Z" }
wheels = [
    { url = "https://files.pythonhosted.org/packages/b7/ce/149a00dd41f10bc29e5921b496af8b574d8413afcd5e30dfa0ed46c2cc5e/six-1.17.0-py2.py3-none-any.whl", hash = "sha256:4721f391ed90541fddacab5acf947aa0d3dc7d27b2e1e8eda2be8970586c3274", size = 11050, upload-time = "2024-12-04T17:35:26.475Z" },
]

[[package]]
name = "statistician"
version = "0.1.0"
source = { virtual = "." }
dependencies = [
    { name = "boto3" },
]

[package.dev-dependencies]
dev = [
    { name = "zizmor" },
]

[package.metadata]
requires-dist = [{ name = "boto3", specifier = ">=1.43.51" }]

[package.metadata.requires-dev]
dev = [{ name = "zizmor", specifier = ">=1.27.0" }]

[[package]]
name = "urllib3"
version = "2.7.0"
source = { registry = "https://pypi.org/simple" }
sdist = { url = "https://files.pythonhosted.org/packages/53/0c/06f8b233b8fd13b9e5ee11424ef85419ba0d8ba0b3138bf360be2ff56953/urllib3-2.7.0.tar.gz", hash = "sha256:231e0ec3b63ceb14667c67be60f2f2c40a518cb38b03af60abc813da26505f4c", size = 433602, upload-time = "2026-05-07T16:13:18.596Z" }
wheels = [
    { url = "https://files.pythonhosted.org/packages/7f/3e/5db95bcf282c52709639744ca2a8b149baccf648e39c8cc87553df9eae0c/urllib3-2.7.0-py3-none-any.whl", hash = "sha256:9fb4c81ebbb1ce9531cce37674bbc6f1360472bc18ca9a553ede278ef7276897", size = 131087, upload-time = "2026-05-07T16:13:17.151Z" },
]

[[package]]
name = "zizmor"
version = "1.27.0"
source = { registry = "https://pypi.org/simple" }
sdist = { url = "https://files.pythonhosted.org/packages/11/a8/1c0c6619e213e6e1fd8323f09661542197448db2984649d2c34097997859/zizmor-1.27.0.tar.gz", hash = "sha256:ffaf8e1bb39447e643592d669761bfbc2aa636875db9079614f6a6c81cec60c8", size = 548896, upload-time = "2026-07-14T08:16:49.542Z" }
wheels = [
    { url = "https://files.pythonhosted.org/packages/4d/81/ba3dbd48a5e3d56d8a9693ba3dac9484df1b3f83862a453ade9f70ef21ff/zizmor-1.27.0-py3-none-macosx_10_12_x86_64.whl", hash = "sha256:0de272b6c19910f5bc6965ac7d4566af26db31571e983e3b567298389d0c84c7", size = 9090700, upload-time = "2026-07-14T08:16:31.04Z" },
    { url = "https://files.pythonhosted.org/packages/2a/18/960f032faa67427afb8b3e11877b7e911d1ccff3f3bb8bec0c416d4df42c/zizmor-1.27.0-py3-none-macosx_11_0_arm64.whl", hash = "sha256:cc94158472428e04298b879ef36cb94360b753ece38fa2303464dd7dae07bc68", size = 8673964, upload-time = "2026-07-14T08:16:33.038Z" },
    { url = "https://files.pythonhosted.org/packages/fd/2a/034e4d11d1ed81e23fc9e526391616848467f0db6faeaa9e1b88fb8560ec/zizmor-1.27.0-py3-none-manylinux_2_24_aarch64.whl", hash = "sha256:b70697ebe555a28fbd3deaa259936f059f64b9f8531020f5b1f3d99087d4f62a", size = 8777649, upload-time = "2026-07-14T08:16:34.831Z" },
    { url = "https://files.pythonhosted.org/packages/2e/27/8dce2cd076ee0c39b0d9ac129703400c9c1c21c71f1709da660e3769d628/zizmor-1.27.0-py3-none-manylinux_2_28_armv7l.whl", hash = "sha256:0bba3eff43f919b04b9b6365b4ef17437649e11eafb73f603407873b65ad01dd", size = 8367119, upload-time = "2026-07-14T08:16:36.859Z" },
    { url = "https://files.pythonhosted.org/packages/21/64/4e21d26a2fc910594aaab19367ac25467a4da6438b7c381f67e90c38945e/zizmor-1.27.0-py3-none-manylinux_2_28_x86_64.whl", hash = "sha256:afb28123882d2b8248f1e480bf6cc6d1af102e0d3fbe22a40f7f795b1aa9d435", size = 9163603, upload-time = "2026-07-14T08:16:38.591Z" },
    { url = "https://files.pythonhosted.org/packages/92/04/17ffd2884f8d74ce747c6ffe11481de5effb35079fd00a0725fab336e57d/zizmor-1.27.0-py3-none-musllinux_1_2_aarch64.whl", hash = "sha256:e1042dd14fb4597a1e3007c7ef3f5a017305ca50cfacf43d603f3ae870c65eb1", size = 8807297, upload-time = "2026-07-14T08:16:40.804Z" },
    { url = "https://files.pythonhosted.org/packages/60/af/3a347da3007655c7979b4b99d6a4d309ebc344715daa7c1357f17d00d680/zizmor-1.27.0-py3-none-musllinux_1_2_armv7l.whl", hash = "sha256:138e65d560e3875dbbbec50eae56a9e14707f8f4e006112174e4752155c01db9", size = 8333630, upload-time = "2026-07-14T08:16:42.814Z" },
    { url = "https://files.pythonhosted.org/packages/bf/37/921c74ed022fe8e1f599d7e7353cab63d550dda68e410096ed735b7388db/zizmor-1.27.0-py3-none-musllinux_1_2_x86_64.whl", hash = "sha256:90004342c3c5122d7e4e8e27ac6d3c462b878da0ea3d408ff45fa7d768139a76", size = 9253035, upload-time = "2026-07-14T08:16:44.354Z" },
    { url = "https://files.pythonhosted.org/packages/ab/01/9cdb03c6c2341cf273c9c34506e5193cea7e73dc50b49ccf5f93a3579bdb/zizmor-1.27.0-py3-none-win32.whl", hash = "sha256:fe8947f635c925b83ef83fcd66de5f89a012b22784bb86fcd7e2a1f4e7648c9d", size = 7538509, upload-time = "2026-07-14T08:16:46.253Z" },
    { url = "https://files.pythonhosted.org/packages/43/42/b924e569218646684d1e211f299282c0b9a0780d6b15f9e10e4a3fdaac11/zizmor-1.27.0-py3-none-win_amd64.whl", hash = "sha256:debc723721172c170d5922171a40eaebf5787a02ff3e69d30597dafdb66a21ba", size = 8643618, upload-time = "2026-07-14T08:16:47.835Z" },
]
